
Microsoft Visual Studio Solution File, Format Version 12.00
Project("{2150E333-8FDC-42A3-9474-1A3956D46DE8}") = "Middleware", "Middleware", "{F861A07D-224A-45D4-A8FC-81F6781289AB}"
EndProject
Project("{FAE04EC0-301F-11D3-BF4B-00C04F79EFBC}") = "Shamrik.Middleware.Example", "Shamrik.Middleware.Example\Shamrik.Middleware.Example.csproj", "{D82D835F-D931-4F08-9512-C53425C30A16}"
EndProject
Project("{2150E333-8FDC-42A3-9474-1A3956D46DE8}") = "DI", "DI", "{51259D46-C088-40F9-8A38-BA1CCA1778EC}"
EndProject
Project("{FAE04EC0-301F-11D3-BF4B-00C04F79EFBC}") = "Shamrik.DI.GetAllServiceInfo", "Shamrik.DI.GetAllServiceInfo\Shamrik.DI.GetAllServiceInfo.csproj", "{6DC8E03C-AC9E-4B5B-9AFE-041577D46C63}"
EndProject
Project("{FAE04EC0-301F-11D3-BF4B-00C04F79EFBC}") = "Shamrik.DI.CreateService_1", "Shamrik.DI.CreateService_1\Shamrik.DI.CreateService_1.csproj", "{F2605DF9-728E-47C3-B448-1884E72E6169}"
EndProject
Project("{FAE04EC0-301F-11D3-BF4B-00C04F79EFBC}") = "Shamrik.DI.CreateService_2", "Shamrik.DI.CreateService_2\Shamrik.DI.CreateService_2.csproj", "{45241A99-177A-4F0D-9245-C849C27C5B8D}"
EndProject
Project("{FAE04EC0-301F-11D3-BF4B-00C04F79EFBC}") = "Shamrik.DI.ServiceExtension", "Shamrik.DI.ServiceExtension\Shamrik.DI.ServiceExtension.csproj", "{5C7A09AC-3EC2-447A-ACEA-6CB6EF032854}"
EndProject
Project("{FAE04EC0-301F-11D3-BF4B-00C04F79EFBC}") = "Shamrik.DI.TransmittingDependencies.Configure", "Shamrik.DI.TransmittingDependencies.Configure\Shamrik.DI.TransmittingDependencies.Configure.csproj", "{C4BE1A99-B4DD-435F-9C2E-56355906804E}"
EndProject
Project("{FAE04EC0-301F-11D3-BF4B-00C04F79EFBC}") = "Shamrik.DI.TransmittingDependencies.Constructors", "Shamrik.DI.TransmittingDependencies.Constructors\Shamrik.DI.TransmittingDependencies.Constructors.csproj", "{25A123F2-3974-41F5-8219-C265D6E786E6}"
EndProject
Project("{FAE04EC0-301F-11D3-BF4B-00C04F79EFBC}") = "Shamrik.DI.TransmittingDependencies.HttpContext", "Shamrik.DI.TransmittingDependencies.HttpContext\Shamrik.DI.TransmittingDependencies.HttpContext.csproj", "{3452992B-7F9B-420B-A9D4-0C0DCB59EA57}"
EndProject
Project("{FAE04EC0-301F-11D3-BF4B-00C04F79EFBC}") = "Shamrik.DI.TransmittingDependencies.ApplicationServices", "Shamrik.DI.TransmittingDependencies.ApplicationServices\Shamrik.DI.TransmittingDependencies.ApplicationServices.csproj", "{33EC6094-5E0D-4E65-8108-9AE1987FB83A}"
EndProject
Project("{FAE04EC0-301F-11D3-BF4B-00C04F79EFBC}") = "Shamrik.DI.TransmittingDependencies.Middleware", "Shamrik.DI.TransmittingDependencies.Middleware\Shamrik.DI.TransmittingDependencies.Middleware.csproj", "{25A7922E-23B7-4BB5-B028-1E75446EBBD2}"
EndProject
Project("{2150E333-8FDC-42A3-9474-1A3956D46DE8}") = "TransmittingDependencies", "TransmittingDependencies", "{460FBFCF-4199-4F8C-BA4C-1CD40AC3D044}"
EndProject
Project("{2150E333-8FDC-42A3-9474-1A3956D46DE8}") = "CreateServices", "CreateServices", "{A1A0A088-5DA4-4127-8AC0-7E0BD104A686}"
EndProject
Project("{2150E333-8FDC-42A3-9474-1A3956D46DE8}") = "LifeTime", "LifeTime", "{1071EDE5-BC83-4EB4-91B2-78B8E479C3AE}"
EndProject
Project("{FAE04EC0-301F-11D3-BF4B-00C04F79EFBC}") = "Shamrik.DI.Lifetime", "Shamrik.DI.Lifetime\Shamrik.DI.Lifetime.csproj", "{CBE66D6C-7B5B-4997-A9C2-F3702923ED4B}"
EndProject
Project("{FAE04EC0-301F-11D3-BF4B-00C04F79EFBC}") = "Shamrik.DI.ServicesAndMiddleware", "Shamrik.DI.ServicesAndMiddleware\Shamrik.DI.ServicesAndMiddleware.csproj", "{40848266-AEE2-4F9F-A2D6-8F3E68724E2C}"
EndProject
Project("{FAE04EC0-301F-11D3-BF4B-00C04F79EFBC}") = "SingletoneObjectsAndScopedServices", "SingletoneObjectsAndScopedServices\SingletoneObjectsAndScopedServices.csproj", "{D7616390-1CEC-40A0-915B-B71B4CAC6405}"
EndProject
Project("{2150E333-8FDC-42A3-9474-1A3956D46DE8}") = "Configuration", "Configuration", "{196160B8-2E84-44BB-ABDD-98ADFE347AC3}"
EndProject
Project("{FAE04EC0-301F-11D3-BF4B-00C04F79EFBC}") = "Shamrik.Configuration.Base", "Shamrik.Configuration.Base\Shamrik.Configuration.Base.csproj", "{98B4B3F2-D58F-4DB7-9412-1EC849670F16}"
EndProject
Project("{FAE04EC0-301F-11D3-BF4B-00C04F79EFBC}") = "Shamrik.Configuration.NonFileConfigurationProviders.Cli", "Shamrik.Configuration.NonFileConfigurationProviders.Cli\Shamrik.Configuration.NonFileConfigurationProviders.Cli.csproj", "{ED2F19F4-5840-49FA-BA6A-69119C7A43D0}"
EndProject
Project("{FAE04EC0-301F-11D3-BF4B-00C04F79EFBC}") = "Shamrik.Configuration.NonFileConfigurationProviders.EnvVar", "Shamrik.Configuration.NonFileConfigurationProviders.EnvVar\Shamrik.Configuration.NonFileConfigurationProviders.EnvVar.csproj", "{0F863F24-C750-4D28-83FB-73DF7A0A64D1}"
EndProject
Project("{FAE04EC0-301F-11D3-BF4B-00C04F79EFBC}") = "Shamrik.Configuration.FileProviders.Json", "Shamrik.Configuration.FileProviders.Json\Shamrik.Configuration.FileProviders.Json.csproj", "{7762C28D-8767-41A3-89CF-74E97950A10A}"
EndProject
Project("{FAE04EC0-301F-11D3-BF4B-00C04F79EFBC}") = "Shamrik.Configuration.FileProviders.Xml", "Shamrik.Configuration.FileProviders.Xml\Shamrik.Configuration.FileProviders.Xml.csproj", "{D0B8F536-EFE5-49DF-A6F6-01E3A45D804A}"
EndProject
Global
	GlobalSection(SolutionConfigurationPlatforms) = preSolution
		Debug|Any CPU = Debug|Any CPU
		Release|Any CPU = Release|Any CPU
	EndGlobalSection
	GlobalSection(ProjectConfigurationPlatforms) = postSolution
		{D82D835F-D931-4F08-9512-C53425C30A16}.Debug|Any CPU.ActiveCfg = Debug|Any CPU
		{D82D835F-D931-4F08-9512-C53425C30A16}.Debug|Any CPU.Build.0 = Debug|Any CPU
		{D82D835F-D931-4F08-9512-C53425C30A16}.Release|Any CPU.ActiveCfg = Release|Any CPU
		{D82D835F-D931-4F08-9512-C53425C30A16}.Release|Any CPU.Build.0 = Release|Any CPU
		{6DC8E03C-AC9E-4B5B-9AFE-041577D46C63}.Debug|Any CPU.ActiveCfg = Debug|Any CPU
		{6DC8E03C-AC9E-4B5B-9AFE-041577D46C63}.Debug|Any CPU.Build.0 = Debug|Any CPU
		{6DC8E03C-AC9E-4B5B-9AFE-041577D46C63}.Release|Any CPU.ActiveCfg = Release|Any CPU
		{6DC8E03C-AC9E-4B5B-9AFE-041577D46C63}.Release|Any CPU.Build.0 = Release|Any CPU
		{F2605DF9-728E-47C3-B448-1884E72E6169}.Debug|Any CPU.ActiveCfg = Debug|Any CPU
		{F2605DF9-728E-47C3-B448-1884E72E6169}.Debug|Any CPU.Build.0 = Debug|Any CPU
		{F2605DF9-728E-47C3-B448-1884E72E6169}.Release|Any CPU.ActiveCfg = Release|Any CPU
		{F2605DF9-728E-47C3-B448-1884E72E6169}.Release|Any CPU.Build.0 = Release|Any CPU
		{45241A99-177A-4F0D-9245-C849C27C5B8D}.Debug|Any CPU.ActiveCfg = Debug|Any CPU
		{45241A99-177A-4F0D-9245-C849C27C5B8D}.Debug|Any CPU.Build.0 = Debug|Any CPU
		{45241A99-177A-4F0D-9245-C849C27C5B8D}.Release|Any CPU.ActiveCfg = Release|Any CPU
		{45241A99-177A-4F0D-9245-C849C27C5B8D}.Release|Any CPU.Build.0 = Release|Any CPU
		{5C7A09AC-3EC2-447A-ACEA-6CB6EF032854}.Debug|Any CPU.ActiveCfg = Debug|Any CPU
		{5C7A09AC-3EC2-447A-ACEA-6CB6EF032854}.Debug|Any CPU.Build.0 = Debug|Any CPU
		{5C7A09AC-3EC2-447A-ACEA-6CB6EF032854}.Release|Any CPU.ActiveCfg = Release|Any CPU
		{5C7A09AC-3EC2-447A-ACEA-6CB6EF032854}.Release|Any CPU.Build.0 = Release|Any CPU
		{C4BE1A99-B4DD-435F-9C2E-56355906804E}.Debug|Any CPU.ActiveCfg = Debug|Any CPU
		{C4BE1A99-B4DD-435F-9C2E-56355906804E}.Debug|Any CPU.Build.0 = Debug|Any CPU
		{C4BE1A99-B4DD-435F-9C2E-56355906804E}.Release|Any CPU.ActiveCfg = Release|Any CPU
		{C4BE1A99-B4DD-435F-9C2E-56355906804E}.Release|Any CPU.Build.0 = Release|Any CPU
		{25A123F2-3974-41F5-8219-C265D6E786E6}.Debug|Any CPU.ActiveCfg = Debug|Any CPU
		{25A123F2-3974-41F5-8219-C265D6E786E6}.Debug|Any CPU.Build.0 = Debug|Any CPU
		{25A123F2-3974-41F5-8219-C265D6E786E6}.Release|Any CPU.ActiveCfg = Release|Any CPU
		{25A123F2-3974-41F5-8219-C265D6E786E6}.Release|Any CPU.Build.0 = Release|Any CPU
		{3452992B-7F9B-420B-A9D4-0C0DCB59EA57}.Debug|Any CPU.ActiveCfg = Debug|Any CPU
		{3452992B-7F9B-420B-A9D4-0C0DCB59EA57}.Debug|Any CPU.Build.0 = Debug|Any CPU
		{3452992B-7F9B-420B-A9D4-0C0DCB59EA57}.Release|Any CPU.ActiveCfg = Release|Any CPU
		{3452992B-7F9B-420B-A9D4-0C0DCB59EA57}.Release|Any CPU.Build.0 = Release|Any CPU
		{33EC6094-5E0D-4E65-8108-9AE1987FB83A}.Debug|Any CPU.ActiveCfg = Debug|Any CPU
		{33EC6094-5E0D-4E65-8108-9AE1987FB83A}.Debug|Any CPU.Build.0 = Debug|Any CPU
		{33EC6094-5E0D-4E65-8108-9AE1987FB83A}.Release|Any CPU.ActiveCfg = Release|Any CPU
		{33EC6094-5E0D-4E65-8108-9AE1987FB83A}.Release|Any CPU.Build.0 = Release|Any CPU
		{25A7922E-23B7-4BB5-B028-1E75446EBBD2}.Debug|Any CPU.ActiveCfg = Debug|Any CPU
		{25A7922E-23B7-4BB5-B028-1E75446EBBD2}.Debug|Any CPU.Build.0 = Debug|Any CPU
		{25A7922E-23B7-4BB5-B028-1E75446EBBD2}.Release|Any CPU.ActiveCfg = Release|Any CPU
		{25A7922E-23B7-4BB5-B028-1E75446EBBD2}.Release|Any CPU.Build.0 = Release|Any CPU
		{CBE66D6C-7B5B-4997-A9C2-F3702923ED4B}.Debug|Any CPU.ActiveCfg = Debug|Any CPU
		{CBE66D6C-7B5B-4997-A9C2-F3702923ED4B}.Debug|Any CPU.Build.0 = Debug|Any CPU
		{CBE66D6C-7B5B-4997-A9C2-F3702923ED4B}.Release|Any CPU.ActiveCfg = Release|Any CPU
		{CBE66D6C-7B5B-4997-A9C2-F3702923ED4B}.Release|Any CPU.Build.0 = Release|Any CPU
		{40848266-AEE2-4F9F-A2D6-8F3E68724E2C}.Debug|Any CPU.ActiveCfg = Debug|Any CPU
		{40848266-AEE2-4F9F-A2D6-8F3E68724E2C}.Debug|Any CPU.Build.0 = Debug|Any CPU
		{40848266-AEE2-4F9F-A2D6-8F3E68724E2C}.Release|Any CPU.ActiveCfg = Release|Any CPU
		{40848266-AEE2-4F9F-A2D6-8F3E68724E2C}.Release|Any CPU.Build.0 = Release|Any CPU
		{D7616390-1CEC-40A0-915B-B71B4CAC6405}.Debug|Any CPU.ActiveCfg = Debug|Any CPU
		{D7616390-1CEC-40A0-915B-B71B4CAC6405}.Debug|Any CPU.Build.0 = Debug|Any CPU
		{D7616390-1CEC-40A0-915B-B71B4CAC6405}.Release|Any CPU.ActiveCfg = Release|Any CPU
		{D7616390-1CEC-40A0-915B-B71B4CAC6405}.Release|Any CPU.Build.0 = Release|Any CPU
		{98B4B3F2-D58F-4DB7-9412-1EC849670F16}.Debug|Any CPU.ActiveCfg = Debug|Any CPU
		{98B4B3F2-D58F-4DB7-9412-1EC849670F16}.Debug|Any CPU.Build.0 = Debug|Any CPU
		{98B4B3F2-D58F-4DB7-9412-1EC849670F16}.Release|Any CPU.ActiveCfg = Release|Any CPU
		{98B4B3F2-D58F-4DB7-9412-1EC849670F16}.Release|Any CPU.Build.0 = Release|Any CPU
		{ED2F19F4-5840-49FA-BA6A-69119C7A43D0}.Debug|Any CPU.ActiveCfg = Debug|Any CPU
		{ED2F19F4-5840-49FA-BA6A-69119C7A43D0}.Debug|Any CPU.Build.0 = Debug|Any CPU
		{ED2F19F4-5840-49FA-BA6A-69119C7A43D0}.Release|Any CPU.ActiveCfg = Release|Any CPU
		{ED2F19F4-5840-49FA-BA6A-69119C7A43D0}.Release|Any CPU.Build.0 = Release|Any CPU
		{0F863F24-C750-4D28-83FB-73DF7A0A64D1}.Debug|Any CPU.ActiveCfg = Debug|Any CPU
		{0F863F24-C750-4D28-83FB-73DF7A0A64D1}.Debug|Any CPU.Build.0 = Debug|Any CPU
		{0F863F24-C750-4D28-83FB-73DF7A0A64D1}.Release|Any CPU.ActiveCfg = Release|Any CPU
		{0F863F24-C750-4D28-83FB-73DF7A0A64D1}.Release|Any CPU.Build.0 = Release|Any CPU
		{7762C28D-8767-41A3-89CF-74E97950A10A}.Debug|Any CPU.ActiveCfg = Debug|Any CPU
		{7762C28D-8767-41A3-89CF-74E97950A10A}.Debug|Any CPU.Build.0 = Debug|Any CPU
		{7762C28D-8767-41A3-89CF-74E97950A10A}.Release|Any CPU.ActiveCfg = Release|Any CPU
		{7762C28D-8767-41A3-89CF-74E97950A10A}.Release|Any CPU.Build.0 = Release|Any CPU
		{D0B8F536-EFE5-49DF-A6F6-01E3A45D804A}.Debug|Any CPU.ActiveCfg = Debug|Any CPU
		{D0B8F536-EFE5-49DF-A6F6-01E3A45D804A}.Debug|Any CPU.Build.0 = Debug|Any CPU
		{D0B8F536-EFE5-49DF-A6F6-01E3A45D804A}.Release|Any CPU.ActiveCfg = Release|Any CPU
		{D0B8F536-EFE5-49DF-A6F6-01E3A45D804A}.Release|Any CPU.Build.0 = Release|Any CPU
	EndGlobalSection
	GlobalSection(NestedProjects) = preSolution
		{D82D835F-D931-4F08-9512-C53425C30A16} = {F861A07D-224A-45D4-A8FC-81F6781289AB}
		{6DC8E03C-AC9E-4B5B-9AFE-041577D46C63} = {51259D46-C088-40F9-8A38-BA1CCA1778EC}
		{5C7A09AC-3EC2-447A-ACEA-6CB6EF032854} = {51259D46-C088-40F9-8A38-BA1CCA1778EC}
		{460FBFCF-4199-4F8C-BA4C-1CD40AC3D044} = {51259D46-C088-40F9-8A38-BA1CCA1778EC}
		{C4BE1A99-B4DD-435F-9C2E-56355906804E} = {460FBFCF-4199-4F8C-BA4C-1CD40AC3D044}
		{25A123F2-3974-41F5-8219-C265D6E786E6} = {460FBFCF-4199-4F8C-BA4C-1CD40AC3D044}
		{33EC6094-5E0D-4E65-8108-9AE1987FB83A} = {460FBFCF-4199-4F8C-BA4C-1CD40AC3D044}
		{25A7922E-23B7-4BB5-B028-1E75446EBBD2} = {460FBFCF-4199-4F8C-BA4C-1CD40AC3D044}
		{3452992B-7F9B-420B-A9D4-0C0DCB59EA57} = {460FBFCF-4199-4F8C-BA4C-1CD40AC3D044}
		{A1A0A088-5DA4-4127-8AC0-7E0BD104A686} = {51259D46-C088-40F9-8A38-BA1CCA1778EC}
		{F2605DF9-728E-47C3-B448-1884E72E6169} = {A1A0A088-5DA4-4127-8AC0-7E0BD104A686}
		{45241A99-177A-4F0D-9245-C849C27C5B8D} = {A1A0A088-5DA4-4127-8AC0-7E0BD104A686}
		{1071EDE5-BC83-4EB4-91B2-78B8E479C3AE} = {51259D46-C088-40F9-8A38-BA1CCA1778EC}
		{CBE66D6C-7B5B-4997-A9C2-F3702923ED4B} = {1071EDE5-BC83-4EB4-91B2-78B8E479C3AE}
		{40848266-AEE2-4F9F-A2D6-8F3E68724E2C} = {51259D46-C088-40F9-8A38-BA1CCA1778EC}
		{D7616390-1CEC-40A0-915B-B71B4CAC6405} = {51259D46-C088-40F9-8A38-BA1CCA1778EC}
		{98B4B3F2-D58F-4DB7-9412-1EC849670F16} = {196160B8-2E84-44BB-ABDD-98ADFE347AC3}
		{ED2F19F4-5840-49FA-BA6A-69119C7A43D0} = {196160B8-2E84-44BB-ABDD-98ADFE347AC3}
		{0F863F24-C750-4D28-83FB-73DF7A0A64D1} = {196160B8-2E84-44BB-ABDD-98ADFE347AC3}
		{7762C28D-8767-41A3-89CF-74E97950A10A} = {196160B8-2E84-44BB-ABDD-98ADFE347AC3}
		{D0B8F536-EFE5-49DF-A6F6-01E3A45D804A} = {196160B8-2E84-44BB-ABDD-98ADFE347AC3}
	EndGlobalSection
EndGlobal
